
Microsoft Visual Studio Solution File, Format Version 12.00
# Visual Studio Version 17
VisualStudioVersion = 17.1.32228.430
MinimumVisualStudioVersion = 10.0.40219.1
Project("{9A19103F-16F7-4668-BE54-9A1E7A4F7556}") = "lawChat.Client", "lawChat.Client\lawChat.Client.csproj", "{8AD74966-9A31-4229-A017-D465D1D8232C}"
EndProject
Project("{9A19103F-16F7-4668-BE54-9A1E7A4F7556}") = "lawChat.Server", "lawChat.Server\lawChat.Server.csproj", "{1BE8C7E1-E64D-4D34-B724-47584BB96106}"
EndProject
Project("{FAE04EC0-301F-11D3-BF4B-00C04F79EFBC}") = "DataBase", "DataBase\DataBase.csproj", "{E790532B-296A-48D5-8EC2-D46ED07A4C0E}"
EndProject
Global
	GlobalSection(SolutionConfigurationPlatforms) = preSolution
		Debug|Any CPU = Debug|Any CPU
		Release|Any CPU = Release|Any CPU
	EndGlobalSection
	GlobalSection(ProjectConfigurationPlatforms) = postSolution
		{8AD74966-9A31-4229-A017-D465D1D8232C}.Debug|Any CPU.ActiveCfg = Debug|Any CPU
		{8AD74966-9A31-4229-A017-D465D1D8232C}.Debug|Any CPU.Build.0 = Debug|Any CPU
		{8AD74966-9A31-4229-A017-D465D1D8232C}.Release|Any CPU.ActiveCfg = Release|Any CPU
		{8AD74966-9A31-4229-A017-D465D1D8232C}.Release|Any CPU.Build.0 = Release|Any CPU
		{1BE8C7E1-E64D-4D34-B724-47584BB96106}.Debug|Any CPU.ActiveCfg = Debug|Any CPU
		{1BE8C7E1-E64D-4D34-B724-47584BB96106}.Debug|Any CPU.Build.0 = Debug|Any CPU
		{1BE8C7E1-E64D-4D34-B724-47584BB96106}.Release|Any CPU.ActiveCfg = Release|Any CPU
		{1BE8C7E1-E64D-4D34-B724-47584BB96106}.Release|Any CPU.Build.0 = Release|Any CPU
		{E790532B-296A-48D5-8EC2-D46ED07A4C0E}.Debug|Any CPU.ActiveCfg = Debug|Any CPU
		{E790532B-296A-48D5-8EC2-D46ED07A4C0E}.Debug|Any CPU.Build.0 = Debug|Any CPU
		{E790532B-296A-48D5-8EC2-D46ED07A4C0E}.Release|Any CPU.ActiveCfg = Release|Any CPU
		{E790532B-296A-48D5-8EC2-D46ED07A4C0E}.Release|Any CPU.Build.0 = Release|Any CPU
	EndGlobalSection
	GlobalSection(SolutionProperties) = preSolution
		HideSolutionNode = FALSE
	EndGlobalSection
	GlobalSection(ExtensibilityGlobals) = postSolution
		SolutionGuid = {D5AD7A2C-8EBC-4369-A83F-8593C79A26FC}
	EndGlobalSection
EndGlobal
