
Microsoft Visual Studio Solution File, Format Version 12.00
# Visual Studio Version 17
VisualStudioVersion = 17.1.32228.430
MinimumVisualStudioVersion = 10.0.40219.1
Project("{9A19103F-16F7-4668-BE54-9A1E7A4F7556}") = "LawChat.Client", "lawChat.Client\LawChat.Client.csproj", "{8AD74966-9A31-4229-A017-D465D1D8232C}"
EndProject
Project("{9A19103F-16F7-4668-BE54-9A1E7A4F7556}") = "LawChat.Server", "lawChat.Server\LawChat.Server.csproj", "{1BE8C7E1-E64D-4D34-B724-47584BB96106}"
EndProject
Project("{9A19103F-16F7-4668-BE54-9A1E7A4F7556}") = "LawChat.Network.Abstractions", "lawChat.Network\LawChat.Network.Abstractions.csproj", "{82129C68-9180-45F3-9C51-8B3CBD6FB7DD}"
EndProject
Project("{9A19103F-16F7-4668-BE54-9A1E7A4F7556}") = "LawChat.Network.Implementations", "LawChat.Network.Implementations\LawChat.Network.Implementations.csproj", "{521E8FA5-3091-499D-9AD6-F56ACD953883}"
EndProject
Global
	GlobalSection(SolutionConfigurationPlatforms) = preSolution
		Debug|Any CPU = Debug|Any CPU
		Release|Any CPU = Release|Any CPU
	EndGlobalSection
	GlobalSection(ProjectConfigurationPlatforms) = postSolution
		{8AD74966-9A31-4229-A017-D465D1D8232C}.Debug|Any CPU.ActiveCfg = Debug|Any CPU
		{8AD74966-9A31-4229-A017-D465D1D8232C}.Debug|Any CPU.Build.0 = Debug|Any CPU
		{8AD74966-9A31-4229-A017-D465D1D8232C}.Release|Any CPU.ActiveCfg = Release|Any CPU
		{8AD74966-9A31-4229-A017-D465D1D8232C}.Release|Any CPU.Build.0 = Release|Any CPU
		{1BE8C7E1-E64D-4D34-B724-47584BB96106}.Debug|Any CPU.ActiveCfg = Debug|Any CPU
		{1BE8C7E1-E64D-4D34-B724-47584BB96106}.Debug|Any CPU.Build.0 = Debug|Any CPU
		{1BE8C7E1-E64D-4D34-B724-47584BB96106}.Release|Any CPU.ActiveCfg = Release|Any CPU
		{1BE8C7E1-E64D-4D34-B724-47584BB96106}.Release|Any CPU.Build.0 = Release|Any CPU
		{82129C68-9180-45F3-9C51-8B3CBD6FB7DD}.Debug|Any CPU.ActiveCfg = Debug|Any CPU
		{82129C68-9180-45F3-9C51-8B3CBD6FB7DD}.Debug|Any CPU.Build.0 = Debug|Any CPU
		{82129C68-9180-45F3-9C51-8B3CBD6FB7DD}.Release|Any CPU.ActiveCfg = Release|Any CPU
		{82129C68-9180-45F3-9C51-8B3CBD6FB7DD}.Release|Any CPU.Build.0 = Release|Any CPU
		{521E8FA5-3091-499D-9AD6-F56ACD953883}.Debug|Any CPU.ActiveCfg = Debug|Any CPU
		{521E8FA5-3091-499D-9AD6-F56ACD953883}.Debug|Any CPU.Build.0 = Debug|Any CPU
		{521E8FA5-3091-499D-9AD6-F56ACD953883}.Release|Any CPU.ActiveCfg = Release|Any CPU
		{521E8FA5-3091-499D-9AD6-F56ACD953883}.Release|Any CPU.Build.0 = Release|Any CPU
	EndGlobalSection
	GlobalSection(SolutionProperties) = preSolution
		HideSolutionNode = FALSE
	EndGlobalSection
	GlobalSection(ExtensibilityGlobals) = postSolution
		SolutionGuid = {D5AD7A2C-8EBC-4369-A83F-8593C79A26FC}
	EndGlobalSection
EndGlobal
